
Microsoft Visual Studio Solution File, Format Version 12.00
# Visual Studio 15
VisualStudioVersion = 15.0.28307.1231
MinimumVisualStudioVersion = 10.0.40219.1
Project("{FAE04EC0-301F-11D3-BF4B-00C04F79EFBC}") = "CadastroCsharpcore", "CadastroCsharpcore\CadastroCsharpcore.csproj", "{81D16413-11AB-405C-8142-3BC4A8419E01}"
EndProject
Global
	GlobalSection(SolutionConfigurationPlatforms) = preSolution
		Debug|Any CPU = Debug|Any CPU
		Release|Any CPU = Release|Any CPU
	EndGlobalSection
	GlobalSection(ProjectConfigurationPlatforms) = postSolution
		{81D16413-11AB-405C-8142-3BC4A8419E01}.Debug|Any CPU.ActiveCfg = Debug|Any CPU
		{81D16413-11AB-405C-8142-3BC4A8419E01}.Debug|Any CPU.Build.0 = Debug|Any CPU
		{81D16413-11AB-405C-8142-3BC4A8419E01}.Release|Any CPU.ActiveCfg = Release|Any CPU
		{81D16413-11AB-405C-8142-3BC4A8419E01}.Release|Any CPU.Build.0 = Release|Any CPU
	EndGlobalSection
	GlobalSection(SolutionProperties) = preSolution
		HideSolutionNode = FALSE
	EndGlobalSection
	GlobalSection(ExtensibilityGlobals) = postSolution
		SolutionGuid = {ACBB8168-8E17-464C-B707-8FEB4863AEF4}
	EndGlobalSection
EndGlobal
